
Microsoft Visual Studio Solution File, Format Version 12.00
# Visual Studio Version 17
VisualStudioVersion = 17.6.33815.320
MinimumVisualStudioVersion = 10.0.40219.1
Project("{FAE04EC0-301F-11D3-BF4B-00C04F79EFBC}") = "WpfRegistroApp", "WpfRegistroApp\WpfRegistroApp.csproj", "{DFDCCA40-1DC3-4E50-877E-FA3CC2B3E18B}"
EndProject
Project("{FAE04EC0-301F-11D3-BF4B-00C04F79EFBC}") = "ServicesRegistroApp", "ServicesRegistroApp\ServicesRegistroApp.csproj", "{5E99BB77-11C8-4589-9DDA-F26BA893AC09}"
EndProject
Global
	GlobalSection(SolutionConfigurationPlatforms) = preSolution
		Debug|Any CPU = Debug|Any CPU
		Release|Any CPU = Release|Any CPU
	EndGlobalSection
	GlobalSection(ProjectConfigurationPlatforms) = postSolution
		{DFDCCA40-1DC3-4E50-877E-FA3CC2B3E18B}.Debug|Any CPU.ActiveCfg = Debug|Any CPU
		{DFDCCA40-1DC3-4E50-877E-FA3CC2B3E18B}.Debug|Any CPU.Build.0 = Debug|Any CPU
		{DFDCCA40-1DC3-4E50-877E-FA3CC2B3E18B}.Release|Any CPU.ActiveCfg = Release|Any CPU
		{DFDCCA40-1DC3-4E50-877E-FA3CC2B3E18B}.Release|Any CPU.Build.0 = Release|Any CPU
		{5E99BB77-11C8-4589-9DDA-F26BA893AC09}.Debug|Any CPU.ActiveCfg = Debug|Any CPU
		{5E99BB77-11C8-4589-9DDA-F26BA893AC09}.Debug|Any CPU.Build.0 = Debug|Any CPU
		{5E99BB77-11C8-4589-9DDA-F26BA893AC09}.Release|Any CPU.ActiveCfg = Release|Any CPU
		{5E99BB77-11C8-4589-9DDA-F26BA893AC09}.Release|Any CPU.Build.0 = Release|Any CPU
	EndGlobalSection
	GlobalSection(SolutionProperties) = preSolution
		HideSolutionNode = FALSE
	EndGlobalSection
	GlobalSection(ExtensibilityGlobals) = postSolution
		SolutionGuid = {94A9E6E8-F897-42C1-92EE-1F637944899A}
	EndGlobalSection
EndGlobal
